
Microsoft Visual Studio Solution File, Format Version 12.00
# Visual Studio Version 17
VisualStudioVersion = 17.0.31903.59
MinimumVisualStudioVersion = 10.0.40219.1
Project("{FAE04EC0-301F-11D3-BF4B-00C04F79EFBC}") = "AIVES.Ass2.Razor", "AIVES.Ass2.Razor\AIVES.Ass2.Razor.csproj", "{84672C35-E5B6-4BBB-9CA7-81DC36A8A630}"
EndProject
Project("{FAE04EC0-301F-11D3-BF4B-00C04F79EFBC}") = "AIVES.Business", "AIVES.Business\AIVES.Business.csproj", "{E1903278-8919-460F-9F72-7969C7D16547}"
EndProject
Project("{FAE04EC0-301F-11D3-BF4B-00C04F79EFBC}") = "AIVES.DataAccess", "AIVES.DataAccess\AIVES.DataAccess.csproj", "{C3DB75B2-4E32-4CA8-A7D0-07F0F5F009C6}"
EndProject
Project("{FAE04EC0-301F-11D3-BF4B-00C04F79EFBC}") = "AIVES.Tests", "AIVES.Tests\AIVES.Tests.csproj", "{0F8D5053-C7B8-4A1C-9834-1CC90F4A85B5}"
EndProject
Project("{FAE04EC0-301F-11D3-BF4B-00C04F79EFBC}") = "AIVES.Tests.Data", "AIVES.Tests.Data\AIVES.Tests.Data.csproj", "{7306C555-C57C-4C92-91DF-E50F73BE3605}"
EndProject
Global
	GlobalSection(SolutionConfigurationPlatforms) = preSolution
		Debug|Any CPU = Debug|Any CPU
		Debug|x64 = Debug|x64
		Debug|x86 = Debug|x86
		Release|Any CPU = Release|Any CPU
		Release|x64 = Release|x64
		Release|x86 = Release|x86
	EndGlobalSection
	GlobalSection(ProjectConfigurationPlatforms) = postSolution
		{84672C35-E5B6-4BBB-9CA7-81DC36A8A630}.Debug|Any CPU.ActiveCfg = Debug|Any CPU
		{84672C35-E5B6-4BBB-9CA7-81DC36A8A630}.Debug|Any CPU.Build.0 = Debug|Any CPU
		{84672C35-E5B6-4BBB-9CA7-81DC36A8A630}.Debug|x64.ActiveCfg = Debug|Any CPU
		{84672C35-E5B6-4BBB-9CA7-81DC36A8A630}.Debug|x64.Build.0 = Debug|Any CPU
		{84672C35-E5B6-4BBB-9CA7-81DC36A8A630}.Debug|x86.ActiveCfg = Debug|Any CPU
		{84672C35-E5B6-4BBB-9CA7-81DC36A8A630}.Debug|x86.Build.0 = Debug|Any CPU
		{84672C35-E5B6-4BBB-9CA7-81DC36A8A630}.Release|Any CPU.ActiveCfg = Release|Any CPU
		{84672C35-E5B6-4BBB-9CA7-81DC36A8A630}.Release|Any CPU.Build.0 = Release|Any CPU
		{84672C35-E5B6-4BBB-9CA7-81DC36A8A630}.Release|x64.ActiveCfg = Release|Any CPU
		{84672C35-E5B6-4BBB-9CA7-81DC36A8A630}.Release|x64.Build.0 = Release|Any CPU
		{84672C35-E5B6-4BBB-9CA7-81DC36A8A630}.Release|x86.ActiveCfg = Release|Any CPU
		{84672C35-E5B6-4BBB-9CA7-81DC36A8A630}.Release|x86.Build.0 = Release|Any CPU
		{E1903278-8919-460F-9F72-7969C7D16547}.Debug|Any CPU.ActiveCfg = Debug|Any CPU
		{E1903278-8919-460F-9F72-7969C7D16547}.Debug|Any CPU.Build.0 = Debug|Any CPU
		{E1903278-8919-460F-9F72-7969C7D16547}.Debug|x64.ActiveCfg = Debug|Any CPU
		{E1903278-8919-460F-9F72-7969C7D16547}.Debug|x64.Build.0 = Debug|Any CPU
		{E1903278-8919-460F-9F72-7969C7D16547}.Debug|x86.ActiveCfg = Debug|Any CPU
		{E1903278-8919-460F-9F72-7969C7D16547}.Debug|x86.Build.0 = Debug|Any CPU
		{E1903278-8919-460F-9F72-7969C7D16547}.Release|Any CPU.ActiveCfg = Release|Any CPU
		{E1903278-8919-460F-9F72-7969C7D16547}.Release|Any CPU.Build.0 = Release|Any CPU
		{E1903278-8919-460F-9F72-7969C7D16547}.Release|x64.ActiveCfg = Release|Any CPU
		{E1903278-8919-460F-9F72-7969C7D16547}.Release|x64.Build.0 = Release|Any CPU
		{E1903278-8919-460F-9F72-7969C7D16547}.Release|x86.ActiveCfg = Release|Any CPU
		{E1903278-8919-460F-9F72-7969C7D16547}.Release|x86.Build.0 = Release|Any CPU
		{C3DB75B2-4E32-4CA8-A7D0-07F0F5F009C6}.Debug|Any CPU.ActiveCfg = Debug|Any CPU
		{C3DB75B2-4E32-4CA8-A7D0-07F0F5F009C6}.Debug|Any CPU.Build.0 = Debug|Any CPU
		{C3DB75B2-4E32-4CA8-A7D0-07F0F5F009C6}.Debug|x64.ActiveCfg = Debug|Any CPU
		{C3DB75B2-4E32-4CA8-A7D0-07F0F5F009C6}.Debug|x64.Build.0 = Debug|Any CPU
		{C3DB75B2-4E32-4CA8-A7D0-07F0F5F009C6}.Debug|x86.ActiveCfg = Debug|Any CPU
		{C3DB75B2-4E32-4CA8-A7D0-07F0F5F009C6}.Debug|x86.Build.0 = Debug|Any CPU
		{C3DB75B2-4E32-4CA8-A7D0-07F0F5F009C6}.Release|Any CPU.ActiveCfg = Release|Any CPU
		{C3DB75B2-4E32-4CA8-A7D0-07F0F5F009C6}.Release|Any CPU.Build.0 = Release|Any CPU
		{C3DB75B2-4E32-4CA8-A7D0-07F0F5F009C6}.Release|x64.ActiveCfg = Release|Any CPU
		{C3DB75B2-4E32-4CA8-A7D0-07F0F5F009C6}.Release|x64.Build.0 = Release|Any CPU
		{C3DB75B2-4E32-4CA8-A7D0-07F0F5F009C6}.Release|x86.ActiveCfg = Release|Any CPU
		{C3DB75B2-4E32-4CA8-A7D0-07F0F5F009C6}.Release|x86.Build.0 = Release|Any CPU
		{0F8D5053-C7B8-4A1C-9834-1CC90F4A85B5}.Debug|Any CPU.ActiveCfg = Debug|Any CPU
		{0F8D5053-C7B8-4A1C-9834-1CC90F4A85B5}.Debug|Any CPU.Build.0 = Debug|Any CPU
		{0F8D5053-C7B8-4A1C-9834-1CC90F4A85B5}.Debug|x64.ActiveCfg = Debug|Any CPU
		{0F8D5053-C7B8-4A1C-9834-1CC90F4A85B5}.Debug|x64.Build.0 = Debug|Any CPU
		{0F8D5053-C7B8-4A1C-9834-1CC90F4A85B5}.Debug|x86.ActiveCfg = Debug|Any CPU
		{0F8D5053-C7B8-4A1C-9834-1CC90F4A85B5}.Debug|x86.Build.0 = Debug|Any CPU
		{0F8D5053-C7B8-4A1C-9834-1CC90F4A85B5}.Release|Any CPU.ActiveCfg = Release|Any CPU
		{0F8D5053-C7B8-4A1C-9834-1CC90F4A85B5}.Release|Any CPU.Build.0 = Release|Any CPU
		{0F8D5053-C7B8-4A1C-9834-1CC90F4A85B5}.Release|x64.ActiveCfg = Release|Any CPU
		{0F8D5053-C7B8-4A1C-9834-1CC90F4A85B5}.Release|x64.Build.0 = Release|Any CPU
		{0F8D5053-C7B8-4A1C-9834-1CC90F4A85B5}.Release|x86.ActiveCfg = Release|Any CPU
		{0F8D5053-C7B8-4A1C-9834-1CC90F4A85B5}.Release|x86.Build.0 = Release|Any CPU
		{7306C555-C57C-4C92-91DF-E50F73BE3605}.Debug|Any CPU.ActiveCfg = Debug|Any CPU
		{7306C555-C57C-4C92-91DF-E50F73BE3605}.Debug|Any CPU.Build.0 = Debug|Any CPU
		{7306C555-C57C-4C92-91DF-E50F73BE3605}.Debug|x64.ActiveCfg = Debug|Any CPU
		{7306C555-C57C-4C92-91DF-E50F73BE3605}.Debug|x64.Build.0 = Debug|Any CPU
		{7306C555-C57C-4C92-91DF-E50F73BE3605}.Debug|x86.ActiveCfg = Debug|Any CPU
		{7306C555-C57C-4C92-91DF-E50F73BE3605}.Debug|x86.Build.0 = Debug|Any CPU
		{7306C555-C57C-4C92-91DF-E50F73BE3605}.Release|Any CPU.ActiveCfg = Release|Any CPU
		{7306C555-C57C-4C92-91DF-E50F73BE3605}.Release|Any CPU.Build.0 = Release|Any CPU
		{7306C555-C57C-4C92-91DF-E50F73BE3605}.Release|x64.ActiveCfg = Release|Any CPU
		{7306C555-C57C-4C92-91DF-E50F73BE3605}.Release|x64.Build.0 = Release|Any CPU
		{7306C555-C57C-4C92-91DF-E50F73BE3605}.Release|x86.ActiveCfg = Release|Any CPU
		{7306C555-C57C-4C92-91DF-E50F73BE3605}.Release|x86.Build.0 = Release|Any CPU
	EndGlobalSection
	GlobalSection(SolutionProperties) = preSolution
		HideSolutionNode = FALSE
	EndGlobalSection
EndGlobal
